
Microsoft Visual Studio Solution File, Format Version 12.00
# Visual Studio Version 17
VisualStudioVersion = 17.6.33815.320
MinimumVisualStudioVersion = 10.0.40219.1
Project("{9A19103F-16F7-4668-BE54-9A1E7A4F7556}") = "SistemaSoporte.Module", "SistemaSoporte.Module\SistemaSoporte.Module.csproj", "{F3D321EC-5F71-4081-9048-D6EFC9CC4620}"
EndProject
Project("{9A19103F-16F7-4668-BE54-9A1E7A4F7556}") = "SistemaSoporte.Blazor.Server", "SistemaSoporte.Blazor.Server\SistemaSoporte.Blazor.Server.csproj", "{8ED4EDD9-FA4C-4752-96EB-5B29BF3D69E0}"
EndProject
Global
	GlobalSection(SolutionConfigurationPlatforms) = preSolution
		Debug|Any CPU = Debug|Any CPU
		EasyTest|Any CPU = EasyTest|Any CPU
		Release|Any CPU = Release|Any CPU
	EndGlobalSection
	GlobalSection(ProjectConfigurationPlatforms) = postSolution
		{F3D321EC-5F71-4081-9048-D6EFC9CC4620}.Debug|Any CPU.ActiveCfg = Debug|Any CPU
		{F3D321EC-5F71-4081-9048-D6EFC9CC4620}.Debug|Any CPU.Build.0 = Debug|Any CPU
		{F3D321EC-5F71-4081-9048-D6EFC9CC4620}.EasyTest|Any CPU.ActiveCfg = EasyTest|Any CPU
		{F3D321EC-5F71-4081-9048-D6EFC9CC4620}.EasyTest|Any CPU.Build.0 = EasyTest|Any CPU
		{F3D321EC-5F71-4081-9048-D6EFC9CC4620}.Release|Any CPU.ActiveCfg = Release|Any CPU
		{F3D321EC-5F71-4081-9048-D6EFC9CC4620}.Release|Any CPU.Build.0 = Release|Any CPU
		{8ED4EDD9-FA4C-4752-96EB-5B29BF3D69E0}.Debug|Any CPU.ActiveCfg = Debug|Any CPU
		{8ED4EDD9-FA4C-4752-96EB-5B29BF3D69E0}.Debug|Any CPU.Build.0 = Debug|Any CPU
		{8ED4EDD9-FA4C-4752-96EB-5B29BF3D69E0}.EasyTest|Any CPU.ActiveCfg = EasyTest|Any CPU
		{8ED4EDD9-FA4C-4752-96EB-5B29BF3D69E0}.EasyTest|Any CPU.Build.0 = EasyTest|Any CPU
		{8ED4EDD9-FA4C-4752-96EB-5B29BF3D69E0}.Release|Any CPU.ActiveCfg = Release|Any CPU
		{8ED4EDD9-FA4C-4752-96EB-5B29BF3D69E0}.Release|Any CPU.Build.0 = Release|Any CPU
	EndGlobalSection
	GlobalSection(SolutionProperties) = preSolution
		HideSolutionNode = FALSE
	EndGlobalSection
EndGlobal
